
Microsoft Visual Studio Solution File, Format Version 12.00
# Visual Studio Version 17
VisualStudioVersion = 17.9.34701.34
MinimumVisualStudioVersion = 10.0.40219.1
Project("{FAE04EC0-301F-11D3-BF4B-00C04F79EFBC}") = "LinQToObject", "LinQToObject.csproj", "{B011AB26-E166-4383-B25C-A2312BDD27F2}"
EndProject
Global
	GlobalSection(SolutionConfigurationPlatforms) = preSolution
		Debug|Any CPU = Debug|Any CPU
		Release|Any CPU = Release|Any CPU
	EndGlobalSection
	GlobalSection(ProjectConfigurationPlatforms) = postSolution
		{B011AB26-E166-4383-B25C-A2312BDD27F2}.Debug|Any CPU.ActiveCfg = Debug|Any CPU
		{B011AB26-E166-4383-B25C-A2312BDD27F2}.Debug|Any CPU.Build.0 = Debug|Any CPU
		{B011AB26-E166-4383-B25C-A2312BDD27F2}.Release|Any CPU.ActiveCfg = Release|Any CPU
		{B011AB26-E166-4383-B25C-A2312BDD27F2}.Release|Any CPU.Build.0 = Release|Any CPU
	EndGlobalSection
	GlobalSection(SolutionProperties) = preSolution
		HideSolutionNode = FALSE
	EndGlobalSection
	GlobalSection(ExtensibilityGlobals) = postSolution
		SolutionGuid = {C13160AE-E9EE-47EA-8EE8-DC8F71B56049}
	EndGlobalSection
EndGlobal
